<?xml version="1.0" encoding="utf-8"?>
<Project ToolsVersion="4.0" xmlns="http://schemas.microsoft.com/developer/msbuild/2003">
  <ItemGroup>
    <Filter Include="Исходные файлы">
      <UniqueIdentifier>{4FC737F1-C7A5-4376-A066-2A32D752A2FF}</UniqueIdentifier>
      <Extensions>cpp;c;cc;cxx;c++;cppm;ixx;def;odl;idl;hpj;bat;asm;asmx</Extensions>
    </Filter>
    <Filter Include="Файлы заголовков">
      <UniqueIdentifier>{93995380-89BD-4b04-88EB-625FBE52EBFB}</UniqueIdentifier>
      <Extensions>h;hh;hpp;hxx;h++;hm;inl;inc;ipp;xsd</Extensions>
    </Filter>
    <Filter Include="Файлы ресурсов">
      <UniqueIdentifier>{67DA6AB6-F800-4c08-8B7A-83BB121AAD01}</UniqueIdentifier>
      <Extensions>rc;ico;cur;bmp;dlg;rc2;rct;bin;rgs;gif;jpg;jpeg;jpe;resx;tiff;tif;png;wav;mfcribbon-ms</Extensions>
    </Filter>
    <Filter Include="Tests">
      <UniqueIdentifier>{ed7232b9-d721-4a00-97c1-6dfdd0724d05}</UniqueIdentifier>
    </Filter>
    <Filter Include="Файлы заголовков\Figures">
      <UniqueIdentifier>{a4efd777-abf5-4389-8d1e-f72e60bf3ec1}</UniqueIdentifier>
    </Filter>
    <Filter Include="Файлы заголовков\Commands">
      <UniqueIdentifier>{a58ec14b-7f52-42a0-9055-55fbb2f33df4}</UniqueIdentifier>
    </Filter>
  </ItemGroup>
  <ItemGroup>
    <ClCompile Include="ChessMain.cpp">
      <Filter>Исходные файлы</Filter>
    </ClCompile>
    <ClCompile Include="Desk.cpp">
      <Filter>Исходные файлы</Filter>
    </ClCompile>
  </ItemGroup>
  <ItemGroup>
    <ClInclude Include="Constants.h">
      <Filter>Файлы заголовков</Filter>
    </ClInclude>
    <ClInclude Include="Coordinate.h">
      <Filter>Файлы заголовков</Filter>
    </ClInclude>
    <ClInclude Include="Desk.h">
      <Filter>Файлы заголовков</Filter>
    </ClInclude>
    <ClInclude Include="Figure.h">
      <Filter>Файлы заголовков\Figures</Filter>
    </ClInclude>
    <ClInclude Include="Pawn.h">
      <Filter>Файлы заголовков\Figures</Filter>
    </ClInclude>
    <ClInclude Include="Cell.h">
      <Filter>Файлы заголовков</Filter>
    </ClInclude>
    <ClInclude Include="Horse.h">
      <Filter>Файлы заголовков\Figures</Filter>
    </ClInclude>
    <ClInclude Include="Rook.h">
      <Filter>Файлы заголовков\Figures</Filter>
    </ClInclude>
    <ClInclude Include="Queen.h">
      <Filter>Файлы заголовков\Figures</Filter>
    </ClInclude>
    <ClInclude Include="King.h">
      <Filter>Файлы заголовков\Figures</Filter>
    </ClInclude>
    <ClInclude Include="Bishop.h">
      <Filter>Файлы заголовков\Figures</Filter>
    </ClInclude>
    <ClInclude Include="Command.h">
      <Filter>Файлы заголовков\Commands</Filter>
    </ClInclude>
    <ClInclude Include="MoveCommand.h">
      <Filter>Файлы заголовков\Commands</Filter>
    </ClInclude>
    <ClInclude Include="CastlingCommand.h">
      <Filter>Файлы заголовков\Commands</Filter>
    </ClInclude>
    <ClInclude Include="DeskViewer.h">
      <Filter>Файлы заголовков</Filter>
    </ClInclude>
  </ItemGroup>
</Project>